
Microsoft Visual Studio Solution File, Format Version 12.00
# Visual Studio Version 16
VisualStudioVersion = 16.0.29209.62
MinimumVisualStudioVersion = 10.0.40219.1
Project("{FAE04EC0-301F-11D3-BF4B-00C04F79EFBC}") = "HashTool", "HashTool.csproj", "{75D6BDFB-2034-44BF-B19D-F80B73692253}"
EndProject
Global
	GlobalSection(SolutionConfigurationPlatforms) = preSolution
		Debug|Any CPU = Debug|Any CPU
		Release|Any CPU = Release|Any CPU
	EndGlobalSection
	GlobalSection(ProjectConfigurationPlatforms) = postSolution
		{75D6BDFB-2034-44BF-B19D-F80B73692253}.Debug|Any CPU.ActiveCfg = Debug|Any CPU
		{75D6BDFB-2034-44BF-B19D-F80B73692253}.Debug|Any CPU.Build.0 = Debug|Any CPU
		{75D6BDFB-2034-44BF-B19D-F80B73692253}.Release|Any CPU.ActiveCfg = Release|Any CPU
		{75D6BDFB-2034-44BF-B19D-F80B73692253}.Release|Any CPU.Build.0 = Release|Any CPU
	EndGlobalSection
	GlobalSection(SolutionProperties) = preSolution
		HideSolutionNode = FALSE
	EndGlobalSection
	GlobalSection(ExtensibilityGlobals) = postSolution
		SolutionGuid = {6D1FDCE0-F78E-40B3-A80B-3486CEE638CC}
	EndGlobalSection
EndGlobal
